
Microsoft Visual Studio Solution File, Format Version 12.00
# Visual Studio 15
VisualStudioVersion = 15.0.27703.2026
MinimumVisualStudioVersion = 10.0.40219.1
Project("{FAE04EC0-301F-11D3-BF4B-00C04F79EFBC}") = "MovieNet.UI", "MovieNet.UI\MovieNet.UI.csproj", "{06358540-699F-403F-9902-84299B09445D}"
EndProject
Project("{FAE04EC0-301F-11D3-BF4B-00C04F79EFBC}") = "MovieNet.Data", "MovieNet.Data\MovieNet.Data.csproj", "{21A5A68E-86C9-4181-8732-692965E8FAC9}"
EndProject
Global
	GlobalSection(SolutionConfigurationPlatforms) = preSolution
		Debug|Any CPU = Debug|Any CPU
		Release|Any CPU = Release|Any CPU
	EndGlobalSection
	GlobalSection(ProjectConfigurationPlatforms) = postSolution
		{06358540-699F-403F-9902-84299B09445D}.Debug|Any CPU.ActiveCfg = Debug|Any CPU
		{06358540-699F-403F-9902-84299B09445D}.Debug|Any CPU.Build.0 = Debug|Any CPU
		{06358540-699F-403F-9902-84299B09445D}.Release|Any CPU.ActiveCfg = Release|Any CPU
		{06358540-699F-403F-9902-84299B09445D}.Release|Any CPU.Build.0 = Release|Any CPU
		{21A5A68E-86C9-4181-8732-692965E8FAC9}.Debug|Any CPU.ActiveCfg = Debug|Any CPU
		{21A5A68E-86C9-4181-8732-692965E8FAC9}.Debug|Any CPU.Build.0 = Debug|Any CPU
		{21A5A68E-86C9-4181-8732-692965E8FAC9}.Release|Any CPU.ActiveCfg = Release|Any CPU
		{21A5A68E-86C9-4181-8732-692965E8FAC9}.Release|Any CPU.Build.0 = Release|Any CPU
	EndGlobalSection
	GlobalSection(SolutionProperties) = preSolution
		HideSolutionNode = FALSE
	EndGlobalSection
	GlobalSection(ExtensibilityGlobals) = postSolution
		SolutionGuid = {35F8A568-7967-4E28-B48B-24CA9184F530}
	EndGlobalSection
EndGlobal
